
Microsoft Visual Studio Solution File, Format Version 12.00
# Visual Studio Version 16
VisualStudioVersion = 16.0.30804.86
MinimumVisualStudioVersion = 10.0.40219.1
Project("{FAE04EC0-301F-11D3-BF4B-00C04F79EFBC}") = "BookListRazor", "BookListRazor\BookListRazor.csproj", "{53C0D4AE-E8A3-42F9-B174-F7B9F77133FE}"
EndProject
Global
	GlobalSection(SolutionConfigurationPlatforms) = preSolution
		Debug|Any CPU = Debug|Any CPU
		Release|Any CPU = Release|Any CPU
	EndGlobalSection
	GlobalSection(ProjectConfigurationPlatforms) = postSolution
		{53C0D4AE-E8A3-42F9-B174-F7B9F77133FE}.Debug|Any CPU.ActiveCfg = Debug|Any CPU
		{53C0D4AE-E8A3-42F9-B174-F7B9F77133FE}.Debug|Any CPU.Build.0 = Debug|Any CPU
		{53C0D4AE-E8A3-42F9-B174-F7B9F77133FE}.Release|Any CPU.ActiveCfg = Release|Any CPU
		{53C0D4AE-E8A3-42F9-B174-F7B9F77133FE}.Release|Any CPU.Build.0 = Release|Any CPU
	EndGlobalSection
	GlobalSection(SolutionProperties) = preSolution
		HideSolutionNode = FALSE
	EndGlobalSection
	GlobalSection(ExtensibilityGlobals) = postSolution
		SolutionGuid = {515A37C2-FB4C-4FED-AABD-4438919D1F68}
	EndGlobalSection
EndGlobal
